
Microsoft Visual Studio Solution File, Format Version 12.00
# Visual Studio Version 17
VisualStudioVersion = 17.5.33530.505
MinimumVisualStudioVersion = 10.0.40219.1
Project("{FAE04EC0-301F-11D3-BF4B-00C04F79EFBC}") = "Zahlraten", "Zahlraten\Zahlraten.csproj", "{78B51CFA-752F-402D-8AB1-3AD0AA422091}"
EndProject
Global
	GlobalSection(SolutionConfigurationPlatforms) = preSolution
		Debug|Any CPU = Debug|Any CPU
		Release|Any CPU = Release|Any CPU
	EndGlobalSection
	GlobalSection(ProjectConfigurationPlatforms) = postSolution
		{78B51CFA-752F-402D-8AB1-3AD0AA422091}.Debug|Any CPU.ActiveCfg = Debug|Any CPU
		{78B51CFA-752F-402D-8AB1-3AD0AA422091}.Debug|Any CPU.Build.0 = Debug|Any CPU
		{78B51CFA-752F-402D-8AB1-3AD0AA422091}.Release|Any CPU.ActiveCfg = Release|Any CPU
		{78B51CFA-752F-402D-8AB1-3AD0AA422091}.Release|Any CPU.Build.0 = Release|Any CPU
	EndGlobalSection
	GlobalSection(SolutionProperties) = preSolution
		HideSolutionNode = FALSE
	EndGlobalSection
	GlobalSection(ExtensibilityGlobals) = postSolution
		SolutionGuid = {53698B49-BA76-47E8-BF0D-FE6F3337F5AE}
	EndGlobalSection
EndGlobal
